
Microsoft Visual Studio Solution File, Format Version 12.00
# Visual Studio Version 16
VisualStudioVersion = 16.0.30114.128
MinimumVisualStudioVersion = 10.0.40219.1
Project("{FAE04EC0-301F-11D3-BF4B-00C04F79EFBC}") = "binaryPrintForm", "binaryPrintForm\binaryPrintForm.csproj", "{256FF638-CAD0-4253-86B9-42FC0F747D45}"
EndProject
Global
	GlobalSection(SolutionConfigurationPlatforms) = preSolution
		Debug|Any CPU = Debug|Any CPU
		Release|Any CPU = Release|Any CPU
	EndGlobalSection
	GlobalSection(ProjectConfigurationPlatforms) = postSolution
		{256FF638-CAD0-4253-86B9-42FC0F747D45}.Debug|Any CPU.ActiveCfg = Debug|Any CPU
		{256FF638-CAD0-4253-86B9-42FC0F747D45}.Debug|Any CPU.Build.0 = Debug|Any CPU
		{256FF638-CAD0-4253-86B9-42FC0F747D45}.Release|Any CPU.ActiveCfg = Release|Any CPU
		{256FF638-CAD0-4253-86B9-42FC0F747D45}.Release|Any CPU.Build.0 = Release|Any CPU
	EndGlobalSection
	GlobalSection(SolutionProperties) = preSolution
		HideSolutionNode = FALSE
	EndGlobalSection
	GlobalSection(ExtensibilityGlobals) = postSolution
		SolutionGuid = {C7DFCF13-9054-433C-80EF-5F56D3EDD41F}
	EndGlobalSection
EndGlobal
